<?xml version="1.0" encoding="utf-8"?>
<Project ToolsVersion="4.0" xmlns="http://schemas.microsoft.com/developer/msbuild/2003">
  <ItemGroup>
    <Filter Include="Source Files">
      <UniqueIdentifier>{4FC737F1-C7A5-4376-A066-2A32D752A2FF}</UniqueIdentifier>
      <Extensions>cpp;c;cc;cxx;def;odl;idl;hpj;bat;asm;asmx</Extensions>
    </Filter>
    <Filter Include="Header Files">
      <UniqueIdentifier>{93995380-89BD-4b04-88EB-625FBE52EBFB}</UniqueIdentifier>
      <Extensions>h;hpp;hxx;hm;inl;inc;xsd</Extensions>
    </Filter>
    <Filter Include="Resource Files">
      <UniqueIdentifier>{67DA6AB6-F800-4c08-8B7A-83BB121AAD01}</UniqueIdentifier>
      <Extensions>rc;ico;cur;bmp;dlg;rc2;rct;bin;rgs;gif;jpg;jpeg;jpe;resx;tiff;tif;png;wav;mfcribbon-ms</Extensions>
    </Filter>
  </ItemGroup>
  <ItemGroup>
    <ClInclude Include="gpdumb1.h">
      <Filter>Header Files</Filter>
    </ClInclude>
    <ClInclude Include="..\..\2016Server\2016Server\protocol.h">
      <Filter>Header Files</Filter>
    </ClInclude>
    <ClInclude Include="resource.h">
      <Filter>Header Files</Filter>
    </ClInclude>
  </ItemGroup>
  <ItemGroup>
    <ClCompile Include="gpdumb1.cpp">
      <Filter>Source Files</Filter>
    </ClCompile>
    <ClCompile Include="2DClient.cpp">
      <Filter>Source Files</Filter>
    </ClCompile>
  </ItemGroup>
  <ItemGroup>
    <None Include="chess2.png">
      <Filter>Resource Files</Filter>
    </None>
    <None Include="chessmap.bmp">
      <Filter>Resource Files</Filter>
    </None>
  </ItemGroup>
  <ItemGroup>
    <ResourceCompile Include="2017_2D_CLIENT.rc">
      <Filter>Resource Files</Filter>
    </ResourceCompile>
  </ItemGroup>
  <ItemGroup>
    <Image Include="Tile_1.bmp">
      <Filter>Resource Files</Filter>
    </Image>
    <Image Include="player.png">
      <Filter>Resource Files</Filter>
    </Image>
    <Image Include="Box_0.bmp">
      <Filter>Resource Files</Filter>
    </Image>
    <Image Include="bluefire.png">
      <Filter>Resource Files</Filter>
    </Image>
    <Image Include="Tile_2.bmp">
      <Filter>Resource Files</Filter>
    </Image>
    <Image Include="AT.bmp">
      <Filter>Resource Files</Filter>
    </Image>
    <Image Include="HP.bmp">
      <Filter>Resource Files</Filter>
    </Image>
  </ItemGroup>
</Project>